# This file is generated by running "yarn install" inside your project.
# Manual changes might be lost - proceed with caution!

__metadata:
  version: 6

"@eegli/tinyparse@link:../../::locator=test-pkg%40workspace%3A.":
  version: 0.0.0-use.local
  resolution: "@eegli/tinyparse@link:../../::locator=test-pkg%40workspace%3A."
  languageName: node
  linkType: soft

"test-pkg@workspace:.":
  version: 0.0.0-use.local
  resolution: "test-pkg@workspace:."
  dependencies:
    "@eegli/tinyparse": "link:../../"
  languageName: unknown
  linkType: soft
